
Microsoft Visual Studio Solution File, Format Version 12.00
# Visual Studio 15
VisualStudioVersion = 15.0.28010.2050
MinimumVisualStudioVersion = 10.0.40219.1
Project("{FAE04EC0-301F-11D3-BF4B-00C04F79EFBC}") = "newvision", "newvision\newvision.csproj", "{DDD597EE-C732-421D-A69C-369BA6975E75}"
EndProject
Global
	GlobalSection(SolutionConfigurationPlatforms) = preSolution
		Debug|Any CPU = Debug|Any CPU
		Release|Any CPU = Release|Any CPU
	EndGlobalSection
	GlobalSection(ProjectConfigurationPlatforms) = postSolution
		{DDD597EE-C732-421D-A69C-369BA6975E75}.Debug|Any CPU.ActiveCfg = Debug|Any CPU
		{DDD597EE-C732-421D-A69C-369BA6975E75}.Debug|Any CPU.Build.0 = Debug|Any CPU
		{DDD597EE-C732-421D-A69C-369BA6975E75}.Release|Any CPU.ActiveCfg = Release|Any CPU
		{DDD597EE-C732-421D-A69C-369BA6975E75}.Release|Any CPU.Build.0 = Release|Any CPU
	EndGlobalSection
	GlobalSection(SolutionProperties) = preSolution
		HideSolutionNode = FALSE
	EndGlobalSection
	GlobalSection(ExtensibilityGlobals) = postSolution
		SolutionGuid = {2BE4609B-D5D0-4E55-A719-E56573D0FA95}
	EndGlobalSection
EndGlobal
